
Microsoft Visual Studio Solution File, Format Version 12.00
# Visual Studio Version 16
VisualStudioVersion = 16.0.31005.135
MinimumVisualStudioVersion = 10.0.40219.1
Project("{FAE04EC0-301F-11D3-BF4B-00C04F79EFBC}") = "PageNavigationMonkeys.UWP", "PageNavigationMonkeys.UWP\PageNavigationMonkeys.UWP.csproj", "{4E0B70B7-4096-4BA6-9201-3B06D30873EE}"
EndProject
Project("{FAE04EC0-301F-11D3-BF4B-00C04F79EFBC}") = "PageNavigationMonkeys.Android", "PageNavigationMonkeys.Android\PageNavigationMonkeys.Android.csproj", "{4DF6730D-54EE-4796-9D88-7CEB630C39D7}"
EndProject
Project("{FAE04EC0-301F-11D3-BF4B-00C04F79EFBC}") = "PageNavigationMonkeys.iOS", "PageNavigationMonkeys.iOS\PageNavigationMonkeys.iOS.csproj", "{CA2BC2E9-E808-45C4-9AD1-A962D98C9C66}"
EndProject
Project("{FAE04EC0-301F-11D3-BF4B-00C04F79EFBC}") = "PageNavigationMonkeys", "PageNavigationMonkeys\PageNavigationMonkeys.csproj", "{0AF26019-CEBB-4888-8CF4-DA26A6F2D0C5}"
EndProject
Global
	GlobalSection(SolutionConfigurationPlatforms) = preSolution
		Debug|Any CPU = Debug|Any CPU
		Debug|ARM = Debug|ARM
		Debug|iPhone = Debug|iPhone
		Debug|iPhoneSimulator = Debug|iPhoneSimulator
		Debug|x64 = Debug|x64
		Debug|x86 = Debug|x86
		Release|Any CPU = Release|Any CPU
		Release|ARM = Release|ARM
		Release|iPhone = Release|iPhone
		Release|iPhoneSimulator = Release|iPhoneSimulator
		Release|x64 = Release|x64
		Release|x86 = Release|x86
	EndGlobalSection
	GlobalSection(ProjectConfigurationPlatforms) = postSolution
		{4E0B70B7-4096-4BA6-9201-3B06D30873EE}.Debug|Any CPU.ActiveCfg = Debug|x86
		{4E0B70B7-4096-4BA6-9201-3B06D30873EE}.Debug|Any CPU.Build.0 = Debug|x86
		{4E0B70B7-4096-4BA6-9201-3B06D30873EE}.Debug|Any CPU.Deploy.0 = Debug|x86
		{4E0B70B7-4096-4BA6-9201-3B06D30873EE}.Debug|ARM.ActiveCfg = Debug|ARM
		{4E0B70B7-4096-4BA6-9201-3B06D30873EE}.Debug|ARM.Build.0 = Debug|ARM
		{4E0B70B7-4096-4BA6-9201-3B06D30873EE}.Debug|ARM.Deploy.0 = Debug|ARM
		{4E0B70B7-4096-4BA6-9201-3B06D30873EE}.Debug|iPhone.ActiveCfg = Debug|x86
		{4E0B70B7-4096-4BA6-9201-3B06D30873EE}.Debug|iPhone.Build.0 = Debug|x86
		{4E0B70B7-4096-4BA6-9201-3B06D30873EE}.Debug|iPhone.Deploy.0 = Debug|x86
		{4E0B70B7-4096-4BA6-9201-3B06D30873EE}.Debug|iPhoneSimulator.ActiveCfg = Debug|x86
		{4E0B70B7-4096-4BA6-9201-3B06D30873EE}.Debug|iPhoneSimulator.Build.0 = Debug|x86
		{4E0B70B7-4096-4BA6-9201-3B06D30873EE}.Debug|iPhoneSimulator.Deploy.0 = Debug|x86
		{4E0B70B7-4096-4BA6-9201-3B06D30873EE}.Debug|x64.ActiveCfg = Debug|x64
		{4E0B70B7-4096-4BA6-9201-3B06D30873EE}.Debug|x64.Build.0 = Debug|x64
		{4E0B70B7-4096-4BA6-9201-3B06D30873EE}.Debug|x64.Deploy.0 = Debug|x64
		{4E0B70B7-4096-4BA6-9201-3B06D30873EE}.Debug|x86.ActiveCfg = Debug|x86
		{4E0B70B7-4096-4BA6-9201-3B06D30873EE}.Debug|x86.Build.0 = Debug|x86
		{4E0B70B7-4096-4BA6-9201-3B06D30873EE}.Debug|x86.Deploy.0 = Debug|x86
		{4E0B70B7-4096-4BA6-9201-3B06D30873EE}.Release|Any CPU.ActiveCfg = Release|x86
		{4E0B70B7-4096-4BA6-9201-3B06D30873EE}.Release|Any CPU.Build.0 = Release|x86
		{4E0B70B7-4096-4BA6-9201-3B06D30873EE}.Release|Any CPU.Deploy.0 = Release|x86
		{4E0B70B7-4096-4BA6-9201-3B06D30873EE}.Release|ARM.ActiveCfg = Release|ARM
		{4E0B70B7-4096-4BA6-9201-3B06D30873EE}.Release|ARM.Build.0 = Release|ARM
		{4E0B70B7-4096-4BA6-9201-3B06D30873EE}.Release|ARM.Deploy.0 = Release|ARM
		{4E0B70B7-4096-4BA6-9201-3B06D30873EE}.Release|iPhone.ActiveCfg = Release|x86
		{4E0B70B7-4096-4BA6-9201-3B06D30873EE}.Release|iPhone.Build.0 = Release|x86
		{4E0B70B7-4096-4BA6-9201-3B06D30873EE}.Release|iPhone.Deploy.0 = Release|x86
		{4E0B70B7-4096-4BA6-9201-3B06D30873EE}.Release|iPhoneSimulator.ActiveCfg = Release|x86
		{4E0B70B7-4096-4BA6-9201-3B06D30873EE}.Release|iPhoneSimulator.Build.0 = Release|x86
		{4E0B70B7-4096-4BA6-9201-3B06D30873EE}.Release|iPhoneSimulator.Deploy.0 = Release|x86
		{4E0B70B7-4096-4BA6-9201-3B06D30873EE}.Release|x64.ActiveCfg = Release|x64
		{4E0B70B7-4096-4BA6-9201-3B06D30873EE}.Release|x64.Build.0 = Release|x64
		{4E0B70B7-4096-4BA6-9201-3B06D30873EE}.Release|x64.Deploy.0 = Release|x64
		{4E0B70B7-4096-4BA6-9201-3B06D30873EE}.Release|x86.ActiveCfg = Release|x86
		{4E0B70B7-4096-4BA6-9201-3B06D30873EE}.Release|x86.Build.0 = Release|x86
		{4E0B70B7-4096-4BA6-9201-3B06D30873EE}.Release|x86.Deploy.0 = Release|x86
		{4DF6730D-54EE-4796-9D88-7CEB630C39D7}.Debug|Any CPU.ActiveCfg = Debug|Any CPU
		{4DF6730D-54EE-4796-9D88-7CEB630C39D7}.Debug|Any CPU.Build.0 = Debug|Any CPU
		{4DF6730D-54EE-4796-9D88-7CEB630C39D7}.Debug|Any CPU.Deploy.0 = Debug|Any CPU
		{4DF6730D-54EE-4796-9D88-7CEB630C39D7}.Debug|ARM.ActiveCfg = Debug|Any CPU
		{4DF6730D-54EE-4796-9D88-7CEB630C39D7}.Debug|ARM.Build.0 = Debug|Any CPU
		{4DF6730D-54EE-4796-9D88-7CEB630C39D7}.Debug|ARM.Deploy.0 = Debug|Any CPU
		{4DF6730D-54EE-4796-9D88-7CEB630C39D7}.Debug|iPhone.ActiveCfg = Debug|Any CPU
		{4DF6730D-54EE-4796-9D88-7CEB630C39D7}.Debug|iPhone.Build.0 = Debug|Any CPU
		{4DF6730D-54EE-4796-9D88-7CEB630C39D7}.Debug|iPhone.Deploy.0 = Debug|Any CPU
		{4DF6730D-54EE-4796-9D88-7CEB630C39D7}.Debug|iPhoneSimulator.ActiveCfg = Debug|Any CPU
		{4DF6730D-54EE-4796-9D88-7CEB630C39D7}.Debug|iPhoneSimulator.Build.0 = Debug|Any CPU
		{4DF6730D-54EE-4796-9D88-7CEB630C39D7}.Debug|iPhoneSimulator.Deploy.0 = Debug|Any CPU
		{4DF6730D-54EE-4796-9D88-7CEB630C39D7}.Debug|x64.ActiveCfg = Debug|Any CPU
		{4DF6730D-54EE-4796-9D88-7CEB630C39D7}.Debug|x64.Build.0 = Debug|Any CPU
		{4DF6730D-54EE-4796-9D88-7CEB630C39D7}.Debug|x64.Deploy.0 = Debug|Any CPU
		{4DF6730D-54EE-4796-9D88-7CEB630C39D7}.Debug|x86.ActiveCfg = Debug|Any CPU
		{4DF6730D-54EE-4796-9D88-7CEB630C39D7}.Debug|x86.Build.0 = Debug|Any CPU
		{4DF6730D-54EE-4796-9D88-7CEB630C39D7}.Debug|x86.Deploy.0 = Debug|Any CPU
		{4DF6730D-54EE-4796-9D88-7CEB630C39D7}.Release|Any CPU.ActiveCfg = Release|Any CPU
		{4DF6730D-54EE-4796-9D88-7CEB630C39D7}.Release|Any CPU.Build.0 = Release|Any CPU
		{4DF6730D-54EE-4796-9D88-7CEB630C39D7}.Release|Any CPU.Deploy.0 = Release|Any CPU
		{4DF6730D-54EE-4796-9D88-7CEB630C39D7}.Release|ARM.ActiveCfg = Release|Any CPU
		{4DF6730D-54EE-4796-9D88-7CEB630C39D7}.Release|ARM.Build.0 = Release|Any CPU
		{4DF6730D-54EE-4796-9D88-7CEB630C39D7}.Release|ARM.Deploy.0 = Release|Any CPU
		{4DF6730D-54EE-4796-9D88-7CEB630C39D7}.Release|iPhone.ActiveCfg = Release|Any CPU
		{4DF6730D-54EE-4796-9D88-7CEB630C39D7}.Release|iPhone.Build.0 = Release|Any CPU
		{4DF6730D-54EE-4796-9D88-7CEB630C39D7}.Release|iPhone.Deploy.0 = Release|Any CPU
		{4DF6730D-54EE-4796-9D88-7CEB630C39D7}.Release|iPhoneSimulator.ActiveCfg = Release|Any CPU
		{4DF6730D-54EE-4796-9D88-7CEB630C39D7}.Release|iPhoneSimulator.Build.0 = Release|Any CPU
		{4DF6730D-54EE-4796-9D88-7CEB630C39D7}.Release|iPhoneSimulator.Deploy.0 = Release|Any CPU
		{4DF6730D-54EE-4796-9D88-7CEB630C39D7}.Release|x64.ActiveCfg = Release|Any CPU
		{4DF6730D-54EE-4796-9D88-7CEB630C39D7}.Release|x64.Build.0 = Release|Any CPU
		{4DF6730D-54EE-4796-9D88-7CEB630C39D7}.Release|x64.Deploy.0 = Release|Any CPU
		{4DF6730D-54EE-4796-9D88-7CEB630C39D7}.Release|x86.ActiveCfg = Release|Any CPU
		{4DF6730D-54EE-4796-9D88-7CEB630C39D7}.Release|x86.Build.0 = Release|Any CPU
		{4DF6730D-54EE-4796-9D88-7CEB630C39D7}.Release|x86.Deploy.0 = Release|Any CPU
		{CA2BC2E9-E808-45C4-9AD1-A962D98C9C66}.Debug|Any CPU.ActiveCfg = Debug|iPhoneSimulator
		{CA2BC2E9-E808-45C4-9AD1-A962D98C9C66}.Debug|Any CPU.Build.0 = Debug|iPhoneSimulator
		{CA2BC2E9-E808-45C4-9AD1-A962D98C9C66}.Debug|Any CPU.Deploy.0 = Debug|iPhoneSimulator
		{CA2BC2E9-E808-45C4-9AD1-A962D98C9C66}.Debug|ARM.ActiveCfg = Debug|iPhone
		{CA2BC2E9-E808-45C4-9AD1-A962D98C9C66}.Debug|ARM.Build.0 = Debug|iPhone
		{CA2BC2E9-E808-45C4-9AD1-A962D98C9C66}.Debug|ARM.Deploy.0 = Debug|iPhone
		{CA2BC2E9-E808-45C4-9AD1-A962D98C9C66}.Debug|iPhone.ActiveCfg = Debug|iPhone
		{CA2BC2E9-E808-45C4-9AD1-A962D98C9C66}.Debug|iPhone.Build.0 = Debug|iPhone
		{CA2BC2E9-E808-45C4-9AD1-A962D98C9C66}.Debug|iPhone.Deploy.0 = Debug|iPhone
		{CA2BC2E9-E808-45C4-9AD1-A962D98C9C66}.Debug|iPhoneSimulator.ActiveCfg = Debug|iPhoneSimulator
		{CA2BC2E9-E808-45C4-9AD1-A962D98C9C66}.Debug|iPhoneSimulator.Build.0 = Debug|iPhoneSimulator
		{CA2BC2E9-E808-45C4-9AD1-A962D98C9C66}.Debug|iPhoneSimulator.Deploy.0 = Debug|iPhoneSimulator
		{CA2BC2E9-E808-45C4-9AD1-A962D98C9C66}.Debug|x64.ActiveCfg = Debug|iPhoneSimulator
		{CA2BC2E9-E808-45C4-9AD1-A962D98C9C66}.Debug|x64.Build.0 = Debug|iPhoneSimulator
		{CA2BC2E9-E808-45C4-9AD1-A962D98C9C66}.Debug|x64.Deploy.0 = Debug|iPhoneSimulator
		{CA2BC2E9-E808-45C4-9AD1-A962D98C9C66}.Debug|x86.ActiveCfg = Debug|iPhoneSimulator
		{CA2BC2E9-E808-45C4-9AD1-A962D98C9C66}.Debug|x86.Build.0 = Debug|iPhoneSimulator
		{CA2BC2E9-E808-45C4-9AD1-A962D98C9C66}.Debug|x86.Deploy.0 = Debug|iPhoneSimulator
		{CA2BC2E9-E808-45C4-9AD1-A962D98C9C66}.Release|Any CPU.ActiveCfg = Release|iPhoneSimulator
		{CA2BC2E9-E808-45C4-9AD1-A962D98C9C66}.Release|Any CPU.Build.0 = Release|iPhoneSimulator
		{CA2BC2E9-E808-45C4-9AD1-A962D98C9C66}.Release|Any CPU.Deploy.0 = Release|iPhoneSimulator
		{CA2BC2E9-E808-45C4-9AD1-A962D98C9C66}.Release|ARM.ActiveCfg = Release|iPhoneSimulator
		{CA2BC2E9-E808-45C4-9AD1-A962D98C9C66}.Release|ARM.Build.0 = Release|iPhoneSimulator
		{CA2BC2E9-E808-45C4-9AD1-A962D98C9C66}.Release|ARM.Deploy.0 = Release|iPhoneSimulator
		{CA2BC2E9-E808-45C4-9AD1-A962D98C9C66}.Release|iPhone.ActiveCfg = Release|iPhone
		{CA2BC2E9-E808-45C4-9AD1-A962D98C9C66}.Release|iPhone.Build.0 = Release|iPhone
		{CA2BC2E9-E808-45C4-9AD1-A962D98C9C66}.Release|iPhone.Deploy.0 = Release|iPhone
		{CA2BC2E9-E808-45C4-9AD1-A962D98C9C66}.Release|iPhoneSimulator.ActiveCfg = Release|iPhoneSimulator
		{CA2BC2E9-E808-45C4-9AD1-A962D98C9C66}.Release|iPhoneSimulator.Build.0 = Release|iPhoneSimulator
		{CA2BC2E9-E808-45C4-9AD1-A962D98C9C66}.Release|iPhoneSimulator.Deploy.0 = Release|iPhoneSimulator
		{CA2BC2E9-E808-45C4-9AD1-A962D98C9C66}.Release|x64.ActiveCfg = Release|iPhoneSimulator
		{CA2BC2E9-E808-45C4-9AD1-A962D98C9C66}.Release|x64.Build.0 = Release|iPhoneSimulator
		{CA2BC2E9-E808-45C4-9AD1-A962D98C9C66}.Release|x64.Deploy.0 = Release|iPhoneSimulator
		{CA2BC2E9-E808-45C4-9AD1-A962D98C9C66}.Release|x86.ActiveCfg = Release|iPhoneSimulator
		{CA2BC2E9-E808-45C4-9AD1-A962D98C9C66}.Release|x86.Build.0 = Release|iPhoneSimulator
		{CA2BC2E9-E808-45C4-9AD1-A962D98C9C66}.Release|x86.Deploy.0 = Release|iPhoneSimulator
		{0AF26019-CEBB-4888-8CF4-DA26A6F2D0C5}.Debug|Any CPU.ActiveCfg = Debug|Any CPU
		{0AF26019-CEBB-4888-8CF4-DA26A6F2D0C5}.Debug|Any CPU.Build.0 = Debug|Any CPU
		{0AF26019-CEBB-4888-8CF4-DA26A6F2D0C5}.Debug|Any CPU.Deploy.0 = Debug|Any CPU
		{0AF26019-CEBB-4888-8CF4-DA26A6F2D0C5}.Debug|ARM.ActiveCfg = Debug|Any CPU
		{0AF26019-CEBB-4888-8CF4-DA26A6F2D0C5}.Debug|ARM.Build.0 = Debug|Any CPU
		{0AF26019-CEBB-4888-8CF4-DA26A6F2D0C5}.Debug|ARM.Deploy.0 = Debug|Any CPU
		{0AF26019-CEBB-4888-8CF4-DA26A6F2D0C5}.Debug|iPhone.ActiveCfg = Debug|Any CPU
		{0AF26019-CEBB-4888-8CF4-DA26A6F2D0C5}.Debug|iPhone.Build.0 = Debug|Any CPU
		{0AF26019-CEBB-4888-8CF4-DA26A6F2D0C5}.Debug|iPhone.Deploy.0 = Debug|Any CPU
		{0AF26019-CEBB-4888-8CF4-DA26A6F2D0C5}.Debug|iPhoneSimulator.ActiveCfg = Debug|Any CPU
		{0AF26019-CEBB-4888-8CF4-DA26A6F2D0C5}.Debug|iPhoneSimulator.Build.0 = Debug|Any CPU
		{0AF26019-CEBB-4888-8CF4-DA26A6F2D0C5}.Debug|iPhoneSimulator.Deploy.0 = Debug|Any CPU
		{0AF26019-CEBB-4888-8CF4-DA26A6F2D0C5}.Debug|x64.ActiveCfg = Debug|Any CPU
		{0AF26019-CEBB-4888-8CF4-DA26A6F2D0C5}.Debug|x64.Build.0 = Debug|Any CPU
		{0AF26019-CEBB-4888-8CF4-DA26A6F2D0C5}.Debug|x64.Deploy.0 = Debug|Any CPU
		{0AF26019-CEBB-4888-8CF4-DA26A6F2D0C5}.Debug|x86.ActiveCfg = Debug|Any CPU
		{0AF26019-CEBB-4888-8CF4-DA26A6F2D0C5}.Debug|x86.Build.0 = Debug|Any CPU
		{0AF26019-CEBB-4888-8CF4-DA26A6F2D0C5}.Debug|x86.Deploy.0 = Debug|Any CPU
		{0AF26019-CEBB-4888-8CF4-DA26A6F2D0C5}.Release|Any CPU.ActiveCfg = Release|Any CPU
		{0AF26019-CEBB-4888-8CF4-DA26A6F2D0C5}.Release|Any CPU.Build.0 = Release|Any CPU
		{0AF26019-CEBB-4888-8CF4-DA26A6F2D0C5}.Release|Any CPU.Deploy.0 = Release|Any CPU
		{0AF26019-CEBB-4888-8CF4-DA26A6F2D0C5}.Release|ARM.ActiveCfg = Release|Any CPU
		{0AF26019-CEBB-4888-8CF4-DA26A6F2D0C5}.Release|ARM.Build.0 = Release|Any CPU
		{0AF26019-CEBB-4888-8CF4-DA26A6F2D0C5}.Release|ARM.Deploy.0 = Release|Any CPU
		{0AF26019-CEBB-4888-8CF4-DA26A6F2D0C5}.Release|iPhone.ActiveCfg = Release|Any CPU
		{0AF26019-CEBB-4888-8CF4-DA26A6F2D0C5}.Release|iPhone.Build.0 = Release|Any CPU
		{0AF26019-CEBB-4888-8CF4-DA26A6F2D0C5}.Release|iPhone.Deploy.0 = Release|Any CPU
		{0AF26019-CEBB-4888-8CF4-DA26A6F2D0C5}.Release|iPhoneSimulator.ActiveCfg = Release|Any CPU
		{0AF26019-CEBB-4888-8CF4-DA26A6F2D0C5}.Release|iPhoneSimulator.Build.0 = Release|Any CPU
		{0AF26019-CEBB-4888-8CF4-DA26A6F2D0C5}.Release|iPhoneSimulator.Deploy.0 = Release|Any CPU
		{0AF26019-CEBB-4888-8CF4-DA26A6F2D0C5}.Release|x64.ActiveCfg = Release|Any CPU
		{0AF26019-CEBB-4888-8CF4-DA26A6F2D0C5}.Release|x64.Build.0 = Release|Any CPU
		{0AF26019-CEBB-4888-8CF4-DA26A6F2D0C5}.Release|x64.Deploy.0 = Release|Any CPU
		{0AF26019-CEBB-4888-8CF4-DA26A6F2D0C5}.Release|x86.ActiveCfg = Release|Any CPU
		{0AF26019-CEBB-4888-8CF4-DA26A6F2D0C5}.Release|x86.Build.0 = Release|Any CPU
		{0AF26019-CEBB-4888-8CF4-DA26A6F2D0C5}.Release|x86.Deploy.0 = Release|Any CPU
	EndGlobalSection
	GlobalSection(SolutionProperties) = preSolution
		HideSolutionNode = FALSE
	EndGlobalSection
	GlobalSection(ExtensibilityGlobals) = postSolution
		SolutionGuid = {7A7CFEC7-B6E9-4E0E-87E9-58AB9926E077}
	EndGlobalSection
EndGlobal
